
Microsoft Visual Studio Solution File, Format Version 12.00
# Visual Studio Version 17
VisualStudioVersion = 17.14.36202.13
MinimumVisualStudioVersion = 10.0.40219.1
Project("{FAE04EC0-301F-11D3-BF4B-00C04F79EFBC}") = "C969", "C969\C969.csproj", "{F7D50C63-A7E1-4907-9877-E17261D68AAE}"
EndProject
Global
	GlobalSection(SolutionConfigurationPlatforms) = preSolution
		Debug|Any CPU = Debug|Any CPU
		Release|Any CPU = Release|Any CPU
	EndGlobalSection
	GlobalSection(ProjectConfigurationPlatforms) = postSolution
		{F7D50C63-A7E1-4907-9877-E17261D68AAE}.Debug|Any CPU.ActiveCfg = Debug|Any CPU
		{F7D50C63-A7E1-4907-9877-E17261D68AAE}.Debug|Any CPU.Build.0 = Debug|Any CPU
		{F7D50C63-A7E1-4907-9877-E17261D68AAE}.Release|Any CPU.ActiveCfg = Release|Any CPU
		{F7D50C63-A7E1-4907-9877-E17261D68AAE}.Release|Any CPU.Build.0 = Release|Any CPU
	EndGlobalSection
	GlobalSection(SolutionProperties) = preSolution
		HideSolutionNode = FALSE
	EndGlobalSection
	GlobalSection(ExtensibilityGlobals) = postSolution
		SolutionGuid = {C6E8E63F-D24F-4F19-B865-874498269543}
	EndGlobalSection
EndGlobal
